// !$*UTF8*$!
{
	archiveVersion = 1;
	classes = {
	};
	objectVersion = 77;
	objects = {

/* Begin PBXContainerItemProxy section */
		183D110C2E573AC200A4D561 /* PBXContainerItemProxy */ = {
			isa = PBXContainerItemProxy;
			containerPortal = 183D10F62E573AC000A4D561 /* Project object */;
			proxyType = 1;
			remoteGlobalIDString = 183D10FD2E573AC000A4D561;
			remoteInfo = "Hot Prospects";
		};
		183D11162E573AC200A4D561 /* PBXContainerItemProxy */ = {
			isa = PBXContainerItemProxy;
			containerPortal = 183D10F62E573AC000A4D561 /* Project object */;
			proxyType = 1;
			remoteGlobalIDString = 183D10FD2E573AC000A4D561;
			remoteInfo = "Hot Prospects";
		};
/* End PBXContainerItemProxy section */

/* Begin PBXFileReference section */
		183D10FE2E573AC000A4D561 /* Hot Prospects.app */ = {isa = PBXFileReference; explicitFileType = wrapper.application; includeInIndex = 0; path = "Hot Prospects.app"; sourceTree = BUILT_PRODUCTS_DIR; };
		183D110B2E573AC200A4D561 /* Hot ProspectsTests.xctest */ = {isa = PBXFileReference; explicitFileType = wrapper.cfbundle; includeInIndex = 0; path = "Hot ProspectsTests.xctest"; sourceTree = BUILT_PRODUCTS_DIR; };
		183D11152E573AC200A4D561 /* Hot ProspectsUITests.xctest */ = {isa = PBXFileReference; explicitFileType = wrapper.cfbundle; includeInIndex = 0; path = "Hot ProspectsUITests.xctest"; sourceTree = BUILT_PRODUCTS_DIR; };
/* End PBXFileReference section */

/* Begin PBXFileSystemSynchronizedRootGroup section */
		183D11002E573AC000A4D561 /* Hot Prospects */ = {
			isa = PBXFileSystemSynchronizedRootGroup;
			path = "Hot Prospects";
			sourceTree = "<group>";
		};
		183D110E2E573AC200A4D561 /* Hot ProspectsTests */ = {
			isa = PBXFileSystemSynchronizedRootGroup;
			path = "Hot ProspectsTests";
			sourceTree = "<group>";
		};
		183D11182E573AC200A4D561 /* Hot ProspectsUITests */ = {
			isa = PBXFileSystemSynchronizedRootGroup;
			path = "Hot ProspectsUITests";
			sourceTree = "<group>";
		};
/* End PBXFileSystemSynchronizedRootGroup section */

/* Begin PBXFrameworksBuildPhase section */
		183D10FB2E573AC000A4D561 /* Frameworks */ = {
			isa = PBXFrameworksBuildPhase;
			buildActionMask = 2147483647;
			files = (
			);
			runOnlyForDeploymentPostprocessing = 0;
		};
		183D11082E573AC200A4D561 /* Frameworks */ = {
			isa = PBXFrameworksBuildPhase;
			buildActionMask = 2147483647;
			files = (
			);
			runOnlyForDeploymentPostprocessing = 0;
		};
		183D11122E573AC200A4D561 /* Frameworks */ = {
			isa = PBXFrameworksBuildPhase;
			buildActionMask = 2147483647;
			files = (
			);
			runOnlyForDeploymentPostprocessing = 0;
		};
/* End PBXFrameworksBuildPhase section */

/* Begin PBXGroup section */
		183D10F52E573AC000A4D561 = {
			isa = PBXGroup;
			children = (
				183D11002E573AC000A4D561 /* Hot Prospects */,
				183D110E2E573AC200A4D561 /* Hot ProspectsTests */,
				183D11182E573AC200A4D561 /* Hot ProspectsUITests */,
				183D10FF2E573AC000A4D561 /* Products */,
			);
			sourceTree = "<group>";
		};
		183D10FF2E573AC000A4D561 /* Products */ = {
			isa = PBXGroup;
			children = (
				183D10FE2E573AC000A4D561 /* Hot Prospects.app */,
				183D110B2E573AC200A4D561 /* Hot ProspectsTests.xctest */,
				183D11152E573AC200A4D561 /* Hot ProspectsUITests.xctest */,
			);
			name = Products;
			sourceTree = "<group>";
		};
/* End PBXGroup section */

/* Begin PBXNativeTarget section */
		183D10FD2E573AC000A4D561 /* Hot Prospects */ = {
			isa = PBXNativeTarget;
			buildConfigurationList = 183D111F2E573AC200A4D561 /* Build configuration list for PBXNativeTarget "Hot Prospects" */;
			buildPhases = (
				183D10FA2E573AC000A4D561 /* Sources */,
				183D10FB2E573AC000A4D561 /* Frameworks */,
				183D10FC2E573AC000A4D561 /* Resources */,
			);
			buildRules = (
			);
			dependencies = (
			);
			fileSystemSynchronizedGroups = (
				183D11002E573AC000A4D561 /* Hot Prospects */,
			);
			name = "Hot Prospects";
			packageProductDependencies = (
			);
			productName = "Hot Prospects";
			productReference = 183D10FE2E573AC000A4D561 /* Hot Prospects.app */;
			productType = "com.apple.product-type.application";
		};
		183D110A2E573AC200A4D561 /* Hot ProspectsTests */ = {
			isa = PBXNativeTarget;
			buildConfigurationList = 183D11222E573AC200A4D561 /* Build configuration list for PBXNativeTarget "Hot ProspectsTests" */;
			buildPhases = (
				183D11072E573AC200A4D561 /* Sources */,
				183D11082E573AC200A4D561 /* Frameworks */,
				183D11092E573AC200A4D561 /* Resources */,
			);
			buildRules = (
			);
			dependencies = (
				183D110D2E573AC200A4D561 /* PBXTargetDependency */,
			);
			fileSystemSynchronizedGroups = (
				183D110E2E573AC200A4D561 /* Hot ProspectsTests */,
			);
			name = "Hot ProspectsTests";
			packageProductDependencies = (
			);
			productName = "Hot ProspectsTests";
			productReference = 183D110B2E573AC200A4D561 /* Hot ProspectsTests.xctest */;
			productType = "com.apple.product-type.bundle.unit-test";
		};
		183D11142E573AC200A4D561 /* Hot ProspectsUITests */ = {
			isa = PBXNativeTarget;
			buildConfigurationList = 183D11252E573AC200A4D561 /* Build configuration list for PBXNativeTarget "Hot ProspectsUITests" */;
			buildPhases = (
				183D11112E573AC200A4D561 /* Sources */,
				183D11122E573AC200A4D561 /* Frameworks */,
				183D11132E573AC200A4D561 /* Resources */,
			);
			buildRules = (
			);
			dependencies = (
				183D11172E573AC200A4D561 /* PBXTargetDependency */,
			);
			fileSystemSynchronizedGroups = (
				183D11182E573AC200A4D561 /* Hot ProspectsUITests */,
			);
			name = "Hot ProspectsUITests";
			packageProductDependencies = (
			);
			productName = "Hot ProspectsUITests";
			productReference = 183D11152E573AC200A4D561 /* Hot ProspectsUITests.xctest */;
			productType = "com.apple.product-type.bundle.ui-testing";
		};
/* End PBXNativeTarget section */

/* Begin PBXProject section */
		183D10F62E573AC000A4D561 /* Project object */ = {
			isa = PBXProject;
			attributes = {
				BuildIndependentTargetsInParallel = 1;
				LastSwiftUpdateCheck = 1630;
				LastUpgradeCheck = 1630;
				TargetAttributes = {
					183D10FD2E573AC000A4D561 = {
						CreatedOnToolsVersion = 16.3;
					};
					183D110A2E573AC200A4D561 = {
						CreatedOnToolsVersion = 16.3;
						TestTargetID = 183D10FD2E573AC000A4D561;
					};
					183D11142E573AC200A4D561 = {
						CreatedOnToolsVersion = 16.3;
						TestTargetID = 183D10FD2E573AC000A4D561;
					};
				};
			};
			buildConfigurationList = 183D10F92E573AC000A4D561 /* Build configuration list for PBXProject "Hot Prospects" */;
			developmentRegion = en;
			hasScannedForEncodings = 0;
			knownRegions = (
				en,
				Base,
			);
			mainGroup = 183D10F52E573AC000A4D561;
			minimizedProjectReferenceProxies = 1;
			preferredProjectObjectVersion = 77;
			productRefGroup = 183D10FF2E573AC000A4D561 /* Products */;
			projectDirPath = "";
			projectRoot = "";
			targets = (
				183D10FD2E573AC000A4D561 /* Hot Prospects */,
				183D110A2E573AC200A4D561 /* Hot ProspectsTests */,
				183D11142E573AC200A4D561 /* Hot ProspectsUITests */,
			);
		};
/* End PBXProject section */

/* Begin PBXResourcesBuildPhase section */
		183D10FC2E573AC000A4D561 /* Resources */ = {
			isa = PBXResourcesBuildPhase;
			buildActionMask = 2147483647;
			files = (
			);
			runOnlyForDeploymentPostprocessing = 0;
		};
		183D11092E573AC200A4D561 /* Resources */ = {
			isa = PBXResourcesBuildPhase;
			buildActionMask = 2147483647;
			files = (
			);
			runOnlyForDeploymentPostprocessing = 0;
		};
		183D11132E573AC200A4D561 /* Resources */ = {
			isa = PBXResourcesBuildPhase;
			buildActionMask = 2147483647;
			files = (
			);
			runOnlyForDeploymentPostprocessing = 0;
		};
/* End PBXResourcesBuildPhase section */

/* Begin PBXSourcesBuildPhase section */
		183D10FA2E573AC000A4D561 /* Sources */ = {
			isa = PBXSourcesBuildPhase;
			buildActionMask = 2147483647;
			files = (
			);
			runOnlyForDeploymentPostprocessing = 0;
		};
		183D11072E573AC200A4D561 /* Sources */ = {
			isa = PBXSourcesBuildPhase;
			buildActionMask = 2147483647;
			files = (
			);
			runOnlyForDeploymentPostprocessing = 0;
		};
		183D11112E573AC200A4D561 /* Sources */ = {
			isa = PBXSourcesBuildPhase;
			buildActionMask = 2147483647;
			files = (
			);
			runOnlyForDeploymentPostprocessing = 0;
		};
/* End PBXSourcesBuildPhase section */

/* Begin PBXTargetDependency section */
		183D110D2E573AC200A4D561 /* PBXTargetDependency */ = {
			isa = PBXTargetDependency;
			target = 183D10FD2E573AC000A4D561 /* Hot Prospects */;
			targetProxy = 183D110C2E573AC200A4D561 /* PBXContainerItemProxy */;
		};
		183D11172E573AC200A4D561 /* PBXTargetDependency */ = {
			isa = PBXTargetDependency;
			target = 183D10FD2E573AC000A4D561 /* Hot Prospects */;
			targetProxy = 183D11162E573AC200A4D561 /* PBXContainerItemProxy */;
		};
/* End PBXTargetDependency section */

/* Begin XCBuildConfiguration section */
		183D111D2E573AC200A4D561 /* Debug */ = {
			isa = XCBuildConfiguration;
			buildSettings = {
				ALWAYS_SEARCH_USER_PATHS = NO;
				ASSETCATALOG_COMPILER_GENERATE_SWIFT_ASSET_SYMBOL_EXTENSIONS = YES;
				CLANG_ANALYZER_NONNULL = YES;
				CLANG_ANALYZER_NUMBER_OBJECT_CONVERSION = YES_AGGRESSIVE;
				CLANG_CXX_LANGUAGE_STANDARD = "gnu++20";
				CLANG_ENABLE_MODULES = YES;
				CLANG_ENABLE_OBJC_ARC = YES;
				CLANG_ENABLE_OBJC_WEAK = YES;
				CLANG_WARN_BLOCK_CAPTURE_AUTORELEASING = YES;
				CLANG_WARN_BOOL_CONVERSION = YES;
				CLANG_WARN_COMMA = YES;
				CLANG_WARN_CONSTANT_CONVERSION = YES;
				CLANG_WARN_DEPRECATED_OBJC_IMPLEMENTATIONS = YES;
				CLANG_WARN_DIRECT_OBJC_ISA_USAGE = YES_ERROR;
				CLANG_WARN_DOCUMENTATION_COMMENTS = YES;
				CLANG_WARN_EMPTY_BODY = YES;
				CLANG_WARN_ENUM_CONVERSION = YES;
				CLANG_WARN_INFINITE_RECURSION = YES;
				CLANG_WARN_INT_CONVERSION = YES;
				CLANG_WARN_NON_LITERAL_NULL_CONVERSION = YES;
				CLANG_WARN_OBJC_IMPLICIT_RETAIN_SELF = YES;
				CLANG_WARN_OBJC_LITERAL_CONVERSION = YES;
				CLANG_WARN_OBJC_ROOT_CLASS = YES_ERROR;
				CLANG_WARN_QUOTED_INCLUDE_IN_FRAMEWORK_HEADER = YES;
				CLANG_WARN_RANGE_LOOP_ANALYSIS = YES;
				CLANG_WARN_STRICT_PROTOTYPES = YES;
				CLANG_WARN_SUSPICIOUS_MOVE = YES;
				CLANG_WARN_UNGUARDED_AVAILABILITY = YES_AGGRESSIVE;
				CLANG_WARN_UNREACHABLE_CODE = YES;
				CLANG_WARN__DUPLICATE_METHOD_MATCH = YES;
				COPY_PHASE_STRIP = NO;
				DEBUG_INFORMATION_FORMAT = dwarf;
				DEVELOPMENT_TEAM = G97MSM9WR8;
				ENABLE_STRICT_OBJC_MSGSEND = YES;
				ENABLE_TESTABILITY = YES;
				ENABLE_USER_SCRIPT_SANDBOXING = YES;
				GCC_C_LANGUAGE_STANDARD = gnu17;
				GCC_DYNAMIC_NO_PIC = NO;
				GCC_NO_COMMON_BLOCKS = YES;
				GCC_OPTIMIZATION_LEVEL = 0;
				GCC_PREPROCESSOR_DEFINITIONS = (
					"DEBUG=1",
					"$(inherited)",
				);
				GCC_WARN_64_TO_32_BIT_CONVERSION = YES;
				GCC_WARN_ABOUT_RETURN_TYPE = YES_ERROR;
				GCC_WARN_UNDECLARED_SELECTOR = YES;
				GCC_WARN_UNINITIALIZED_AUTOS = YES_AGGRESSIVE;
				GCC_WARN_UNUSED_FUNCTION = YES;
				GCC_WARN_UNUSED_VARIABLE = YES;
				IPHONEOS_DEPLOYMENT_TARGET = 18.4;
				LOCALIZATION_PREFERS_STRING_CATALOGS = YES;
				MTL_ENABLE_DEBUG_INFO = INCLUDE_SOURCE;
				MTL_FAST_MATH = YES;
				ONLY_ACTIVE_ARCH = YES;
				SDKROOT = iphoneos;
				SWIFT_ACTIVE_COMPILATION_CONDITIONS = "DEBUG $(inherited)";
				SWIFT_OPTIMIZATION_LEVEL = "-Onone";
			};
			name = Debug;
		};
		183D111E2E573AC200A4D561 /* Release */ = {
			isa = XCBuildConfiguration;
			buildSettings = {
				ALWAYS_SEARCH_USER_PATHS = NO;
				ASSETCATALOG_COMPILER_GENERATE_SWIFT_ASSET_SYMBOL_EXTENSIONS = YES;
				CLANG_ANALYZER_NONNULL = YES;
				CLANG_ANALYZER_NUMBER_OBJECT_CONVERSION = YES_AGGRESSIVE;
				CLANG_CXX_LANGUAGE_STANDARD = "gnu++20";
				CLANG_ENABLE_MODULES = YES;
				CLANG_ENABLE_OBJC_ARC = YES;
				CLANG_ENABLE_OBJC_WEAK = YES;
				CLANG_WARN_BLOCK_CAPTURE_AUTORELEASING = YES;
				CLANG_WARN_BOOL_CONVERSION = YES;
				CLANG_WARN_COMMA = YES;
				CLANG_WARN_CONSTANT_CONVERSION = YES;
				CLANG_WARN_DEPRECATED_OBJC_IMPLEMENTATIONS = YES;
				CLANG_WARN_DIRECT_OBJC_ISA_USAGE = YES_ERROR;
				CLANG_WARN_DOCUMENTATION_COMMENTS = YES;
				CLANG_WARN_EMPTY_BODY = YES;
				CLANG_WARN_ENUM_CONVERSION = YES;
				CLANG_WARN_INFINITE_RECURSION = YES;
				CLANG_WARN_INT_CONVERSION = YES;
				CLANG_WARN_NON_LITERAL_NULL_CONVERSION = YES;
				CLANG_WARN_OBJC_IMPLICIT_RETAIN_SELF = YES;
				CLANG_WARN_OBJC_LITERAL_CONVERSION = YES;
				CLANG_WARN_OBJC_ROOT_CLASS = YES_ERROR;
				CLANG_WARN_QUOTED_INCLUDE_IN_FRAMEWORK_HEADER = YES;
				CLANG_WARN_RANGE_LOOP_ANALYSIS = YES;
				CLANG_WARN_STRICT_PROTOTYPES = YES;
				CLANG_WARN_SUSPICIOUS_MOVE = YES;
				CLANG_WARN_UNGUARDED_AVAILABILITY = YES_AGGRESSIVE;
				CLANG_WARN_UNREACHABLE_CODE = YES;
				CLANG_WARN__DUPLICATE_METHOD_MATCH = YES;
				COPY_PHASE_STRIP = NO;
				DEBUG_INFORMATION_FORMAT = "dwarf-with-dsym";
				DEVELOPMENT_TEAM = G97MSM9WR8;
				ENABLE_NS_ASSERTIONS = NO;
				ENABLE_STRICT_OBJC_MSGSEND = YES;
				ENABLE_USER_SCRIPT_SANDBOXING = YES;
				GCC_C_LANGUAGE_STANDARD = gnu17;
				GCC_NO_COMMON_BLOCKS = YES;
				GCC_WARN_64_TO_32_BIT_CONVERSION = YES;
				GCC_WARN_ABOUT_RETURN_TYPE = YES_ERROR;
				GCC_WARN_UNDECLARED_SELECTOR = YES;
				GCC_WARN_UNINITIALIZED_AUTOS = YES_AGGRESSIVE;
				GCC_WARN_UNUSED_FUNCTION = YES;
				GCC_WARN_UNUSED_VARIABLE = YES;
				IPHONEOS_DEPLOYMENT_TARGET = 18.4;
				LOCALIZATION_PREFERS_STRING_CATALOGS = YES;
				MTL_ENABLE_DEBUG_INFO = NO;
				MTL_FAST_MATH = YES;
				SDKROOT = iphoneos;
				SWIFT_COMPILATION_MODE = wholemodule;
				VALIDATE_PRODUCT = YES;
			};
			name = Release;
		};
		183D11202E573AC200A4D561 /* Debug */ = {
			isa = XCBuildConfiguration;
			buildSettings = {
				ASSETCATALOG_COMPILER_APPICON_NAME = AppIcon;
				ASSETCATALOG_COMPILER_GLOBAL_ACCENT_COLOR_NAME = AccentColor;
				CODE_SIGN_STYLE = Automatic;
				CURRENT_PROJECT_VERSION = 1;
				DEVELOPMENT_TEAM = G97MSM9WR8;
				ENABLE_PREVIEWS = YES;
				GENERATE_INFOPLIST_FILE = YES;
				INFOPLIST_KEY_UIApplicationSceneManifest_Generation = YES;
				INFOPLIST_KEY_UIApplicationSupportsIndirectInputEvents = YES;
				INFOPLIST_KEY_UILaunchScreen_Generation = YES;
				INFOPLIST_KEY_UISupportedInterfaceOrientations_iPad = "UIInterfaceOrientationPortrait UIInterfaceOrientationPortraitUpsideDown UIInterfaceOrientationLandscapeLeft UIInterfaceOrientationLandscapeRight";
				INFOPLIST_KEY_UISupportedInterfaceOrientations_iPhone = "UIInterfaceOrientationPortrait UIInterfaceOrientationLandscapeLeft UIInterfaceOrientationLandscapeRight";
				LD_RUNPATH_SEARCH_PATHS = (
					"$(inherited)",
					"@executable_path/Frameworks",
				);
				MARKETING_VERSION = 1.0;
				PRODUCT_BUNDLE_IDENTIFIER = "co.ziaahmed.iosapp.prospects.Hot-Prospects";
				PRODUCT_NAME = "$(TARGET_NAME)";
				SWIFT_EMIT_LOC_STRINGS = YES;
				SWIFT_VERSION = 5.0;
				TARGETED_DEVICE_FAMILY = "1,2";
			};
			name = Debug;
		};
		183D11212E573AC200A4D561 /* Release */ = {
			isa = XCBuildConfiguration;
			buildSettings = {
				ASSETCATALOG_COMPILER_APPICON_NAME = AppIcon;
				ASSETCATALOG_COMPILER_GLOBAL_ACCENT_COLOR_NAME = AccentColor;
				CODE_SIGN_STYLE = Automatic;
				CURRENT_PROJECT_VERSION = 1;
				DEVELOPMENT_TEAM = G97MSM9WR8;
				ENABLE_PREVIEWS = YES;
				GENERATE_INFOPLIST_FILE = YES;
				INFOPLIST_KEY_UIApplicationSceneManifest_Generation = YES;
				INFOPLIST_KEY_UIApplicationSupportsIndirectInputEvents = YES;
				INFOPLIST_KEY_UILaunchScreen_Generation = YES;
				INFOPLIST_KEY_UISupportedInterfaceOrientations_iPad = "UIInterfaceOrientationPortrait UIInterfaceOrientationPortraitUpsideDown UIInterfaceOrientationLandscapeLeft UIInterfaceOrientationLandscapeRight";
				INFOPLIST_KEY_UISupportedInterfaceOrientations_iPhone = "UIInterfaceOrientationPortrait UIInterfaceOrientationLandscapeLeft UIInterfaceOrientationLandscapeRight";
				LD_RUNPATH_SEARCH_PATHS = (
					"$(inherited)",
					"@executable_path/Frameworks",
				);
				MARKETING_VERSION = 1.0;
				PRODUCT_BUNDLE_IDENTIFIER = "co.ziaahmed.iosapp.prospects.Hot-Prospects";
				PRODUCT_NAME = "$(TARGET_NAME)";
				SWIFT_EMIT_LOC_STRINGS = YES;
				SWIFT_VERSION = 5.0;
				TARGETED_DEVICE_FAMILY = "1,2";
			};
			name = Release;
		};
		183D11232E573AC200A4D561 /* Debug */ = {
			isa = XCBuildConfiguration;
			buildSettings = {
				BUNDLE_LOADER = "$(TEST_HOST)";
				CODE_SIGN_STYLE = Automatic;
				CURRENT_PROJECT_VERSION = 1;
				DEVELOPMENT_TEAM = G97MSM9WR8;
				GENERATE_INFOPLIST_FILE = YES;
				IPHONEOS_DEPLOYMENT_TARGET = 18.4;
				MARKETING_VERSION = 1.0;
				PRODUCT_BUNDLE_IDENTIFIER = "co.ziaahmed.iosapp.prospects.Hot-ProspectsTests";
				PRODUCT_NAME = "$(TARGET_NAME)";
				SWIFT_EMIT_LOC_STRINGS = NO;
				SWIFT_VERSION = 5.0;
				TARGETED_DEVICE_FAMILY = "1,2";
				TEST_HOST = "$(BUILT_PRODUCTS_DIR)/Hot Prospects.app/$(BUNDLE_EXECUTABLE_FOLDER_PATH)/Hot Prospects";
			};
			name = Debug;
		};
		183D11242E573AC200A4D561 /* Release */ = {
			isa = XCBuildConfiguration;
			buildSettings = {
				BUNDLE_LOADER = "$(TEST_HOST)";
				CODE_SIGN_STYLE = Automatic;
				CURRENT_PROJECT_VERSION = 1;
				DEVELOPMENT_TEAM = G97MSM9WR8;
				GENERATE_INFOPLIST_FILE = YES;
				IPHONEOS_DEPLOYMENT_TARGET = 18.4;
				MARKETING_VERSION = 1.0;
				PRODUCT_BUNDLE_IDENTIFIER = "co.ziaahmed.iosapp.prospects.Hot-ProspectsTests";
				PRODUCT_NAME = "$(TARGET_NAME)";
				SWIFT_EMIT_LOC_STRINGS = NO;
				SWIFT_VERSION = 5.0;
				TARGETED_DEVICE_FAMILY = "1,2";
				TEST_HOST = "$(BUILT_PRODUCTS_DIR)/Hot Prospects.app/$(BUNDLE_EXECUTABLE_FOLDER_PATH)/Hot Prospects";
			};
			name = Release;
		};
		183D11262E573AC200A4D561 /* Debug */ = {
			isa = XCBuildConfiguration;
			buildSettings = {
				CODE_SIGN_STYLE = Automatic;
				CURRENT_PROJECT_VERSION = 1;
				DEVELOPMENT_TEAM = G97MSM9WR8;
				GENERATE_INFOPLIST_FILE = YES;
				MARKETING_VERSION = 1.0;
				PRODUCT_BUNDLE_IDENTIFIER = "co.ziaahmed.iosapp.prospects.Hot-ProspectsUITests";
				PRODUCT_NAME = "$(TARGET_NAME)";
				SWIFT_EMIT_LOC_STRINGS = NO;
				SWIFT_VERSION = 5.0;
				TARGETED_DEVICE_FAMILY = "1,2";
				TEST_TARGET_NAME = "Hot Prospects";
			};
			name = Debug;
		};
		183D11272E573AC200A4D561 /* Release */ = {
			isa = XCBuildConfiguration;
			buildSettings = {
				CODE_SIGN_STYLE = Automatic;
				CURRENT_PROJECT_VERSION = 1;
				DEVELOPMENT_TEAM = G97MSM9WR8;
				GENERATE_INFOPLIST_FILE = YES;
				MARKETING_VERSION = 1.0;
				PRODUCT_BUNDLE_IDENTIFIER = "co.ziaahmed.iosapp.prospects.Hot-ProspectsUITests";
				PRODUCT_NAME = "$(TARGET_NAME)";
				SWIFT_EMIT_LOC_STRINGS = NO;
				SWIFT_VERSION = 5.0;
				TARGETED_DEVICE_FAMILY = "1,2";
				TEST_TARGET_NAME = "Hot Prospects";
			};
			name = Release;
		};
/* End XCBuildConfiguration section */

/* Begin XCConfigurationList section */
		183D10F92E573AC000A4D561 /* Build configuration list for PBXProject "Hot Prospects" */ = {
			isa = XCConfigurationList;
			buildConfigurations = (
				183D111D2E573AC200A4D561 /* Debug */,
				183D111E2E573AC200A4D561 /* Release */,
			);
			defaultConfigurationIsVisible = 0;
			defaultConfigurationName = Release;
		};
		183D111F2E573AC200A4D561 /* Build configuration list for PBXNativeTarget "Hot Prospects" */ = {
			isa = XCConfigurationList;
			buildConfigurations = (
				183D11202E573AC200A4D561 /* Debug */,
				183D11212E573AC200A4D561 /* Release */,
			);
			defaultConfigurationIsVisible = 0;
			defaultConfigurationName = Release;
		};
		183D11222E573AC200A4D561 /* Build configuration list for PBXNativeTarget "Hot ProspectsTests" */ = {
			isa = XCConfigurationList;
			buildConfigurations = (
				183D11232E573AC200A4D561 /* Debug */,
				183D11242E573AC200A4D561 /* Release */,
			);
			defaultConfigurationIsVisible = 0;
			defaultConfigurationName = Release;
		};
		183D11252E573AC200A4D561 /* Build configuration list for PBXNativeTarget "Hot ProspectsUITests" */ = {
			isa = XCConfigurationList;
			buildConfigurations = (
				183D11262E573AC200A4D561 /* Debug */,
				183D11272E573AC200A4D561 /* Release */,
			);
			defaultConfigurationIsVisible = 0;
			defaultConfigurationName = Release;
		};
/* End XCConfigurationList section */
	};
	rootObject = 183D10F62E573AC000A4D561 /* Project object */;
}
